
Microsoft Visual Studio Solution File, Format Version 12.00
# Visual Studio 15
VisualStudioVersion = 15.0.28307.539
MinimumVisualStudioVersion = 10.0.40219.1
Project("{FAE04EC0-301F-11D3-BF4B-00C04F79EFBC}") = "HackerNewsScraper", "HackerNewsScraper\HackerNewsScraper.csproj", "{2FDB698B-D368-463B-947F-427649AB329C}"
EndProject
Project("{FAE04EC0-301F-11D3-BF4B-00C04F79EFBC}") = "HackerNewsScraper.UnitTests", "HackerNewsScraper.UnitTests\HackerNewsScraper.UnitTests.csproj", "{7D89A983-81FA-415C-8266-2D687647BF82}"
EndProject
Global
	GlobalSection(SolutionConfigurationPlatforms) = preSolution
		Debug|Any CPU = Debug|Any CPU
		Release|Any CPU = Release|Any CPU
	EndGlobalSection
	GlobalSection(ProjectConfigurationPlatforms) = postSolution
		{2FDB698B-D368-463B-947F-427649AB329C}.Debug|Any CPU.ActiveCfg = Debug|Any CPU
		{2FDB698B-D368-463B-947F-427649AB329C}.Debug|Any CPU.Build.0 = Debug|Any CPU
		{2FDB698B-D368-463B-947F-427649AB329C}.Release|Any CPU.ActiveCfg = Release|Any CPU
		{2FDB698B-D368-463B-947F-427649AB329C}.Release|Any CPU.Build.0 = Release|Any CPU
		{7D89A983-81FA-415C-8266-2D687647BF82}.Debug|Any CPU.ActiveCfg = Debug|Any CPU
		{7D89A983-81FA-415C-8266-2D687647BF82}.Debug|Any CPU.Build.0 = Debug|Any CPU
		{7D89A983-81FA-415C-8266-2D687647BF82}.Release|Any CPU.ActiveCfg = Release|Any CPU
		{7D89A983-81FA-415C-8266-2D687647BF82}.Release|Any CPU.Build.0 = Release|Any CPU
	EndGlobalSection
	GlobalSection(SolutionProperties) = preSolution
		HideSolutionNode = FALSE
	EndGlobalSection
	GlobalSection(ExtensibilityGlobals) = postSolution
		SolutionGuid = {85B650D4-4B65-45E0-9E78-0FC81C7939CD}
	EndGlobalSection
EndGlobal
